# Generated by pub
# See https://dart.dev/tools/pub/glossary#lockfile
packages:
  _flutterfire_internals:
    dependency: transitive
    description:
      name: _flutterfire_internals
      sha256: "8a1f5f3020ef2a74fb93f7ab3ef127a8feea33a7a2276279113660784ee7516a"
      url: "https://pub.dev"
    source: hosted
    version: "1.3.64"
  ansicolor:
    dependency: transitive
    description:
      name: ansicolor
      sha256: "50e982d500bc863e1d703448afdbf9e5a72eb48840a4f766fa361ffd6877055f"
      url: "https://pub.dev"
    source: hosted
    version: "2.0.3"
  app_links:
    dependency: transitive
    description:
      name: app_links
      sha256: "85ed8fc1d25a76475914fff28cc994653bd900bc2c26e4b57a49e097febb54ba"
      url: "https://pub.dev"
    source: hosted
    version: "6.4.0"
  app_links_linux:
    dependency: transitive
    description:
      name: app_links_linux
      sha256: f5f7173a78609f3dfd4c2ff2c95bd559ab43c80a87dc6a095921d96c05688c81
      url: "https://pub.dev"
    source: hosted
    version: "1.0.3"
  app_links_platform_interface:
    dependency: transitive
    description:
      name: app_links_platform_interface
      sha256: "05f5379577c513b534a29ddea68176a4d4802c46180ee8e2e966257158772a3f"
      url: "https://pub.dev"
    source: hosted
    version: "2.0.2"
  app_links_web:
    dependency: transitive
    description:
      name: app_links_web
      sha256: af060ed76183f9e2b87510a9480e56a5352b6c249778d07bd2c95fc35632a555
      url: "https://pub.dev"
    source: hosted
    version: "1.0.4"
  archive:
    dependency: transitive
    description:
      name: archive
      sha256: "2fde1607386ab523f7a36bb3e7edb43bd58e6edaf2ffb29d8a6d578b297fdbbd"
      url: "https://pub.dev"
    source: hosted
    version: "4.0.7"
  args:
    dependency: transitive
    description:
      name: args
      sha256: d0481093c50b1da8910eb0bb301626d4d8eb7284aa739614d2b394ee09e3ea04
      url: "https://pub.dev"
    source: hosted
    version: "2.7.0"
  async:
    dependency: transitive
    description:
      name: async
      sha256: d2872f9c19731c2e5f10444b14686eb7cc85c76274bd6c16e1816bff9a3bab63
      url: "https://pub.dev"
    source: hosted
    version: "2.12.0"
  benchmark:
    dependency: transitive
    description:
      name: benchmark
      sha256: cb3eeea01e3f054df76ee9775ca680f3afa5f19f39b2bb426ba78ba27654493b
      url: "https://pub.dev"
    source: hosted
    version: "0.3.0"
  boolean_selector:
    dependency: transitive
    description:
      name: boolean_selector
      sha256: "8aab1771e1243a5063b8b0ff68042d67334e3feab9e95b9490f9a6ebf73b42ea"
      url: "https://pub.dev"
    source: hosted
    version: "2.1.2"
  cached_network_image:
    dependency: "direct main"
    description:
      name: cached_network_image
      sha256: "7c1183e361e5c8b0a0f21a28401eecdbde252441106a9816400dd4c2b2424916"
      url: "https://pub.dev"
    source: hosted
    version: "3.4.1"
  cached_network_image_platform_interface:
    dependency: transitive
    description:
      name: cached_network_image_platform_interface
      sha256: "35814b016e37fbdc91f7ae18c8caf49ba5c88501813f73ce8a07027a395e2829"
      url: "https://pub.dev"
    source: hosted
    version: "4.1.1"
  cached_network_image_web:
    dependency: transitive
    description:
      name: cached_network_image_web
      sha256: "980842f4e8e2535b8dbd3d5ca0b1f0ba66bf61d14cc3a17a9b4788a3685ba062"
      url: "https://pub.dev"
    source: hosted
    version: "1.3.1"
  carousel_slider:
    dependency: "direct main"
    description:
      name: carousel_slider
      sha256: bcc61735345c9ab5cb81073896579e735f81e35fd588907a393143ea986be8ff
      url: "https://pub.dev"
    source: hosted
    version: "5.1.1"
  characters:
    dependency: transitive
    description:
      name: characters
      sha256: f71061c654a3380576a52b451dd5532377954cf9dbd272a78fc8479606670803
      url: "https://pub.dev"
    source: hosted
    version: "1.4.0"
  checked_yaml:
    dependency: transitive
    description:
      name: checked_yaml
      sha256: feb6bed21949061731a7a75fc5d2aa727cf160b91af9a3e464c5e3a32e28b5ff
      url: "https://pub.dev"
    source: hosted
    version: "2.0.3"
  cli_util:
    dependency: transitive
    description:
      name: cli_util
      sha256: ff6785f7e9e3c38ac98b2fb035701789de90154024a75b6cb926445e83197d1c
      url: "https://pub.dev"
    source: hosted
    version: "0.4.2"
  clock:
    dependency: transitive
    description:
      name: clock
      sha256: fddb70d9b5277016c77a80201021d40a2247104d9f4aa7bab7157b7e3f05b84b
      url: "https://pub.dev"
    source: hosted
    version: "1.1.2"
  collection:
    dependency: transitive
    description:
      name: collection
      sha256: "2f5709ae4d3d59dd8f7cd309b4e023046b57d8a6c82130785d2b0e5868084e76"
      url: "https://pub.dev"
    source: hosted
    version: "1.19.1"
  confetti:
    dependency: "direct main"
    description:
      name: confetti
      sha256: "79376a99648efbc3f23582f5784ced0fe239922bd1a0fb41f582051eba750751"
      url: "https://pub.dev"
    source: hosted
    version: "0.8.0"
  cross_file:
    dependency: transitive
    description:
      name: cross_file
      sha256: "7caf6a750a0c04effbb52a676dce9a4a592e10ad35c34d6d2d0e4811160d5670"
      url: "https://pub.dev"
    source: hosted
    version: "0.3.4+2"
  crypto:
    dependency: transitive
    description:
      name: crypto
      sha256: "1e445881f28f22d6140f181e07737b22f1e099a5e1ff94b0af2f9e4a463f4855"
      url: "https://pub.dev"
    source: hosted
    version: "3.0.6"
  csslib:
    dependency: transitive
    description:
      name: csslib
      sha256: "09bad715f418841f976c77db72d5398dc1253c21fb9c0c7f0b0b985860b2d58e"
      url: "https://pub.dev"
    source: hosted
    version: "1.0.2"
  cupertino_icons:
    dependency: "direct main"
    description:
      name: cupertino_icons
      sha256: ba631d1c7f7bef6b729a622b7b752645a2d076dba9976925b8f25725a30e1ee6
      url: "https://pub.dev"
    source: hosted
    version: "1.0.8"
  dart_sort_queue:
    dependency: transitive
    description:
      name: dart_sort_queue
      sha256: f3353ba8b4850e072d3368757f62edb79af34a9703c3e3df9c59342721f5f5b1
      url: "https://pub.dev"
    source: hosted
    version: "0.0.2+3"
  dotted_border:
    dependency: "direct main"
    description:
      name: dotted_border
      sha256: "99b091ec6891ba0c5331fdc2b502993c7c108f898995739a73c6845d71dad70c"
      url: "https://pub.dev"
    source: hosted
    version: "3.1.0"
  fake_async:
    dependency: transitive
    description:
      name: fake_async
      sha256: "5368f224a74523e8d2e7399ea1638b37aecfca824a3cc4dfdf77bf1fa905ac44"
      url: "https://pub.dev"
    source: hosted
    version: "1.3.3"
  ffi:
    dependency: transitive
    description:
      name: ffi
      sha256: "289279317b4b16eb2bb7e271abccd4bf84ec9bdcbe999e278a94b804f5630418"
      url: "https://pub.dev"
    source: hosted
    version: "2.1.4"
  file:
    dependency: transitive
    description:
      name: file
      sha256: a3b4f84adafef897088c160faf7dfffb7696046cb13ae90b508c2cbc95d3b8d4
      url: "https://pub.dev"
    source: hosted
    version: "7.0.1"
  file_selector_linux:
    dependency: transitive
    description:
      name: file_selector_linux
      sha256: "54cbbd957e1156d29548c7d9b9ec0c0ebb6de0a90452198683a7d23aed617a33"
      url: "https://pub.dev"
    source: hosted
    version: "0.9.3+2"
  file_selector_macos:
    dependency: transitive
    description:
      name: file_selector_macos
      sha256: "271ab9986df0c135d45c3cdb6bd0faa5db6f4976d3e4b437cf7d0f258d941bfc"
      url: "https://pub.dev"
    source: hosted
    version: "0.9.4+2"
  file_selector_platform_interface:
    dependency: transitive
    description:
      name: file_selector_platform_interface
      sha256: a3994c26f10378a039faa11de174d7b78eb8f79e4dd0af2a451410c1a5c3f66b
      url: "https://pub.dev"
    source: hosted
    version: "2.6.2"
  file_selector_windows:
    dependency: transitive
    description:
      name: file_selector_windows
      sha256: "320fcfb6f33caa90f0b58380489fc5ac05d99ee94b61aa96ec2bff0ba81d3c2b"
      url: "https://pub.dev"
    source: hosted
    version: "0.9.3+4"
  firebase_auth:
    dependency: "direct main"
    description:
      name: firebase_auth
      sha256: e54fb3ba57de041d832574126a37726eedf0f57400869f1942b0ca8ce4a6e209
      url: "https://pub.dev"
    source: hosted
    version: "6.1.2"
  firebase_auth_platform_interface:
    dependency: transitive
    description:
      name: firebase_auth_platform_interface
      sha256: "421f95dc553cb283ed9d4d140e719800c0331d49ed37b962e513c9d1d61b090b"
      url: "https://pub.dev"
    source: hosted
    version: "8.1.4"
  firebase_auth_web:
    dependency: transitive
    description:
      name: firebase_auth_web
      sha256: a064ffee202f7d42d62e2c01775899d4ffcb83c602af07632f206acd46a0964e
      url: "https://pub.dev"
    source: hosted
    version: "6.1.0"
  firebase_core:
    dependency: "direct main"
    description:
      name: firebase_core
      sha256: "1f2dfd9f535d81f8b06d7a50ecda6eac1e6922191ed42e09ca2c84bd2288927c"
      url: "https://pub.dev"
    source: hosted
    version: "4.2.1"
  firebase_core_platform_interface:
    dependency: transitive
    description:
      name: firebase_core_platform_interface
      sha256: cccb4f572325dc14904c02fcc7db6323ad62ba02536833dddb5c02cac7341c64
      url: "https://pub.dev"
    source: hosted
    version: "6.0.2"
  firebase_core_web:
    dependency: transitive
    description:
      name: firebase_core_web
      sha256: ff18fabb0ad0ed3595d2f2c85007ecc794aadecdff5b3bb1460b7ee47cded398
      url: "https://pub.dev"
    source: hosted
    version: "3.3.0"
  firebase_messaging:
    dependency: "direct main"
    description:
      name: firebase_messaging
      sha256: "22086f857d2340f5d973776cfd542d3fb30cf98e1c643c3aa4a7520bb12745bb"
      url: "https://pub.dev"
    source: hosted
    version: "16.0.4"
  firebase_messaging_platform_interface:
    dependency: transitive
    description:
      name: firebase_messaging_platform_interface
      sha256: a59920cbf2eb7c83d34a5f354331210ffec116b216dc72d864d8b8eb983ca398
      url: "https://pub.dev"
    source: hosted
    version: "4.7.4"
  firebase_messaging_web:
    dependency: transitive
    description:
      name: firebase_messaging_web
      sha256: "1183e40e6fd2a279a628951cc3b639fcf5ffe7589902632db645011eb70ebefb"
      url: "https://pub.dev"
    source: hosted
    version: "4.1.0"
  firebase_remote_config:
    dependency: "direct main"
    description:
      name: firebase_remote_config
      sha256: "8226dd40d9e47ac6f8ef3a13dea18859f29b5274248e4a121d2ff16a066cd0aa"
      url: "https://pub.dev"
    source: hosted
    version: "6.1.1"
  firebase_remote_config_platform_interface:
    dependency: transitive
    description:
      name: firebase_remote_config_platform_interface
      sha256: b9c80a6cbc43367fdb2d4f441546e7c5330e5dc256659b58f5c0ab67cd332f43
      url: "https://pub.dev"
    source: hosted
    version: "2.0.5"
  firebase_remote_config_web:
    dependency: transitive
    description:
      name: firebase_remote_config_web
      sha256: "3c8387fad5a494de5293a27c34c31e1b0d1f9ae6e1ebb893b36f09c9b4f0c2cb"
      url: "https://pub.dev"
    source: hosted
    version: "1.10.0"
  firebase_storage:
    dependency: "direct main"
    description:
      name: firebase_storage
      sha256: "3438f38590186010ce76ece683ebf3b842cd637f31f83a13620917d7438a58fd"
      url: "https://pub.dev"
    source: hosted
    version: "13.0.4"
  firebase_storage_platform_interface:
    dependency: transitive
    description:
      name: firebase_storage_platform_interface
      sha256: "5d56021a9d30f7ca89559c96cc4c7250ce6ff8881382ff7238fde64a1f449e39"
      url: "https://pub.dev"
    source: hosted
    version: "5.2.15"
  firebase_storage_web:
    dependency: transitive
    description:
      name: firebase_storage_web
      sha256: a06775d1df6dd90f5fa3fe9e221b988dcbc221e73a0f8951136536e6d5e548e6
      url: "https://pub.dev"
    source: hosted
    version: "3.11.0"
  fixnum:
    dependency: transitive
    description:
      name: fixnum
      sha256: b6dc7065e46c974bc7c5f143080a6764ec7a4be6da1285ececdc37be96de53be
      url: "https://pub.dev"
    source: hosted
    version: "1.1.1"
  flutter:
    dependency: "direct main"
    description: flutter
    source: sdk
    version: "0.0.0"
  flutter_branch_sdk:
    dependency: "direct main"
    description:
      name: flutter_branch_sdk
      sha256: b1b8f5d38fcec625a6e6f130435a532ac8add93728594cfcabedc364877e735a
      url: "https://pub.dev"
    source: hosted
    version: "8.10.0"
  flutter_cache_manager:
    dependency: transitive
    description:
      name: flutter_cache_manager
      sha256: "400b6592f16a4409a7f2bb929a9a7e38c72cceb8ffb99ee57bbf2cb2cecf8386"
      url: "https://pub.dev"
    source: hosted
    version: "3.4.1"
  flutter_image_compress:
    dependency: "direct main"
    description:
      name: flutter_image_compress
      sha256: "51d23be39efc2185e72e290042a0da41aed70b14ef97db362a6b5368d0523b27"
      url: "https://pub.dev"
    source: hosted
    version: "2.4.0"
  flutter_image_compress_common:
    dependency: transitive
    description:
      name: flutter_image_compress_common
      sha256: c5c5d50c15e97dd7dc72ff96bd7077b9f791932f2076c5c5b6c43f2c88607bfb
      url: "https://pub.dev"
    source: hosted
    version: "1.0.6"
  flutter_image_compress_macos:
    dependency: transitive
    description:
      name: flutter_image_compress_macos
      sha256: "20019719b71b743aba0ef874ed29c50747461e5e8438980dfa5c2031898f7337"
      url: "https://pub.dev"
    source: hosted
    version: "1.0.3"
  flutter_image_compress_ohos:
    dependency: transitive
    description:
      name: flutter_image_compress_ohos
      sha256: e76b92bbc830ee08f5b05962fc78a532011fcd2041f620b5400a593e96da3f51
      url: "https://pub.dev"
    source: hosted
    version: "0.0.3"
  flutter_image_compress_platform_interface:
    dependency: transitive
    description:
      name: flutter_image_compress_platform_interface
      sha256: "579cb3947fd4309103afe6442a01ca01e1e6f93dc53bb4cbd090e8ce34a41889"
      url: "https://pub.dev"
    source: hosted
    version: "1.0.5"
  flutter_image_compress_web:
    dependency: transitive
    description:
      name: flutter_image_compress_web
      sha256: b9b141ac7c686a2ce7bb9a98176321e1182c9074650e47bb140741a44b6f5a96
      url: "https://pub.dev"
    source: hosted
    version: "0.1.5"
  flutter_launcher_icons:
    dependency: "direct dev"
    description:
      name: flutter_launcher_icons
      sha256: "10f13781741a2e3972126fae08393d3c4e01fa4cd7473326b94b72cf594195e7"
      url: "https://pub.dev"
    source: hosted
    version: "0.14.4"
  flutter_lints:
    dependency: "direct dev"
    description:
      name: flutter_lints
      sha256: "3105dc8492f6183fb076ccf1f351ac3d60564bff92e20bfc4af9cc1651f4e7e1"
      url: "https://pub.dev"
    source: hosted
    version: "6.0.0"
  flutter_markdown:
    dependency: "direct main"
    description:
      name: flutter_markdown
      sha256: "08fb8315236099ff8e90cb87bb2b935e0a724a3af1623000a9cec930468e0f27"
      url: "https://pub.dev"
    source: hosted
    version: "0.7.7+1"
  flutter_native_splash:
    dependency: "direct dev"
    description:
      name: flutter_native_splash
      sha256: "4fb9f4113350d3a80841ce05ebf1976a36de622af7d19aca0ca9a9911c7ff002"
      url: "https://pub.dev"
    source: hosted
    version: "2.4.7"
  flutter_plugin_android_lifecycle:
    dependency: transitive
    description:
      name: flutter_plugin_android_lifecycle
      sha256: f948e346c12f8d5480d2825e03de228d0eb8c3a737e4cdaa122267b89c022b5e
      url: "https://pub.dev"
    source: hosted
    version: "2.0.28"
  flutter_rating_bar:
    dependency: "direct main"
    description:
      name: flutter_rating_bar
      sha256: d2af03469eac832c591a1eba47c91ecc871fe5708e69967073c043b2d775ed93
      url: "https://pub.dev"
    source: hosted
    version: "4.0.1"
  flutter_test:
    dependency: "direct dev"
    description: flutter
    source: sdk
    version: "0.0.0"
  flutter_web_plugins:
    dependency: transitive
    description: flutter
    source: sdk
    version: "0.0.0"
  font_awesome_flutter:
    dependency: "direct main"
    description:
      name: font_awesome_flutter
      sha256: b9011df3a1fa02993630b8fb83526368cf2206a711259830325bab2f1d2a4eb0
      url: "https://pub.dev"
    source: hosted
    version: "10.12.0"
  functions_client:
    dependency: transitive
    description:
      name: functions_client
      sha256: "94074d62167ae634127ef6095f536835063a7dc80f2b1aa306d2346ff9023996"
      url: "https://pub.dev"
    source: hosted
    version: "2.5.0"
  geotypes:
    dependency: transitive
    description:
      name: geotypes
      sha256: "5bedf57de92283133dd221e363812ef50eaaba414f0823b1974ef7d84b86991f"
      url: "https://pub.dev"
    source: hosted
    version: "0.0.2"
  google_identity_services_web:
    dependency: transitive
    description:
      name: google_identity_services_web
      sha256: "5d187c46dc59e02646e10fe82665fc3884a9b71bc1c90c2b8b749316d33ee454"
      url: "https://pub.dev"
    source: hosted
    version: "0.3.3+1"
  google_maps:
    dependency: transitive
    description:
      name: google_maps
      sha256: "4d6e199c561ca06792c964fa24b2bac7197bf4b401c2e1d23e345e5f9939f531"
      url: "https://pub.dev"
    source: hosted
    version: "8.1.1"
  google_maps_flutter:
    dependency: "direct main"
    description:
      name: google_maps_flutter
      sha256: "819985697596a42e1054b5feb2f407ba1ac92262e02844a40168e742b9f36dca"
      url: "https://pub.dev"
    source: hosted
    version: "2.14.0"
  google_maps_flutter_android:
    dependency: transitive
    description:
      name: google_maps_flutter_android
      sha256: ab83128296fbeaa52e8f2b3bf53bcd895e64778edddcdc07bc8f33f4ea78076c
      url: "https://pub.dev"
    source: hosted
    version: "2.16.1"
  google_maps_flutter_ios:
    dependency: transitive
    description:
      name: google_maps_flutter_ios
      sha256: ef614d227db26552d54a0d2002bca12563852db83d2bfa2f8bc782588f27eb77
      url: "https://pub.dev"
    source: hosted
    version: "2.15.6"
  google_maps_flutter_platform_interface:
    dependency: transitive
    description:
      name: google_maps_flutter_platform_interface
      sha256: f4b9b44f7b12a1f6707ffc79d082738e0b7e194bf728ee61d2b3cdf5fdf16081
      url: "https://pub.dev"
    source: hosted
    version: "2.14.0"
  google_maps_flutter_web:
    dependency: transitive
    description:
      name: google_maps_flutter_web
      sha256: d416602944e1859f3cbbaa53e34785c223fa0a11eddb34a913c964c5cbb5d8cf
      url: "https://pub.dev"
    source: hosted
    version: "0.5.14+3"
  google_sign_in:
    dependency: "direct main"
    description:
      name: google_sign_in
      sha256: "521031b65853b4409b8213c0387d57edaad7e2a949ce6dea0d8b2afc9cb29763"
      url: "https://pub.dev"
    source: hosted
    version: "7.2.0"
  google_sign_in_android:
    dependency: transitive
    description:
      name: google_sign_in_android
      sha256: "80edba834ae30b058eaeef086e1dc68189b6e49db20ae85b309adfa2fa6d9b02"
      url: "https://pub.dev"
    source: hosted
    version: "7.2.4"
  google_sign_in_ios:
    dependency: transitive
    description:
      name: google_sign_in_ios
      sha256: "0ba0b276c91e80edbe28570ee8c54237c095dd7b909db46011154a49f3af68a7"
      url: "https://pub.dev"
    source: hosted
    version: "6.2.3"
  google_sign_in_platform_interface:
    dependency: transitive
    description:
      name: google_sign_in_platform_interface
      sha256: "7f59208c42b415a3cca203571128d6f84f885fead2d5b53eb65a9e27f2965bb5"
      url: "https://pub.dev"
    source: hosted
    version: "3.1.0"
  google_sign_in_web:
    dependency: transitive
    description:
      name: google_sign_in_web
      sha256: "2fc1f941e6443b2d6984f4056a727a3eaeab15d8ee99ba7125d79029be75a1da"
      url: "https://pub.dev"
    source: hosted
    version: "1.1.0"
  gotrue:
    dependency: transitive
    description:
      name: gotrue
      sha256: "636b7d8de00c96cb580c705f9eb12bc107df893595854f1efa08c6b1b449e5e5"
      url: "https://pub.dev"
    source: hosted
    version: "2.16.0"
  gtk:
    dependency: transitive
    description:
      name: gtk
      sha256: e8ce9ca4b1df106e4d72dad201d345ea1a036cc12c360f1a7d5a758f78ffa42c
      url: "https://pub.dev"
    source: hosted
    version: "2.1.0"
  html:
    dependency: transitive
    description:
      name: html
      sha256: "6d1264f2dffa1b1101c25a91dff0dc2daee4c18e87cd8538729773c073dbf602"
      url: "https://pub.dev"
    source: hosted
    version: "0.15.6"
  http:
    dependency: "direct main"
    description:
      name: http
      sha256: "87721a4a50b19c7f1d49001e51409bddc46303966ce89a65af4f4e6004896412"
      url: "https://pub.dev"
    source: hosted
    version: "1.6.0"
  http_parser:
    dependency: transitive
    description:
      name: http_parser
      sha256: "178d74305e7866013777bab2c3d8726205dc5a4dd935297175b19a23a2e66571"
      url: "https://pub.dev"
    source: hosted
    version: "4.1.2"
  image:
    dependency: transitive
    description:
      name: image
      sha256: "4e973fcf4caae1a4be2fa0a13157aa38a8f9cb049db6529aa00b4d71abc4d928"
      url: "https://pub.dev"
    source: hosted
    version: "4.5.4"
  image_picker:
    dependency: "direct main"
    description:
      name: image_picker
      sha256: "784210112be18ea55f69d7076e2c656a4e24949fa9e76429fe53af0c0f4fa320"
      url: "https://pub.dev"
    source: hosted
    version: "1.2.1"
  image_picker_android:
    dependency: transitive
    description:
      name: image_picker_android
      sha256: "28f3987ca0ec702d346eae1d90eda59603a2101b52f1e234ded62cff1d5cfa6e"
      url: "https://pub.dev"
    source: hosted
    version: "0.8.13+1"
  image_picker_for_web:
    dependency: transitive
    description:
      name: image_picker_for_web
      sha256: "40c2a6a0da15556dc0f8e38a3246064a971a9f512386c3339b89f76db87269b6"
      url: "https://pub.dev"
    source: hosted
    version: "3.1.0"
  image_picker_ios:
    dependency: transitive
    description:
      name: image_picker_ios
      sha256: eb06fe30bab4c4497bad449b66448f50edcc695f1c59408e78aa3a8059eb8f0e
      url: "https://pub.dev"
    source: hosted
    version: "0.8.13"
  image_picker_linux:
    dependency: transitive
    description:
      name: image_picker_linux
      sha256: "1f81c5f2046b9ab724f85523e4af65be1d47b038160a8c8deed909762c308ed4"
      url: "https://pub.dev"
    source: hosted
    version: "0.2.2"
  image_picker_macos:
    dependency: transitive
    description:
      name: image_picker_macos
      sha256: d58cd9d67793d52beefd6585b12050af0a7663c0c2a6ece0fb110a35d6955e04
      url: "https://pub.dev"
    source: hosted
    version: "0.2.2"
  image_picker_platform_interface:
    dependency: transitive
    description:
      name: image_picker_platform_interface
      sha256: "9f143b0dba3e459553209e20cc425c9801af48e6dfa4f01a0fcf927be3f41665"
      url: "https://pub.dev"
    source: hosted
    version: "2.11.0"
  image_picker_windows:
    dependency: transitive
    description:
      name: image_picker_windows
      sha256: d248c86554a72b5495a31c56f060cf73a41c7ff541689327b1a7dbccc33adfae
      url: "https://pub.dev"
    source: hosted
    version: "0.2.2"
  intl:
    dependency: "direct main"
    description:
      name: intl
      sha256: "3df61194eb431efc39c4ceba583b95633a403f46c9fd341e550ce0bfa50e9aa5"
      url: "https://pub.dev"
    source: hosted
    version: "0.20.2"
  jni:
    dependency: transitive
    description:
      name: jni
      sha256: d2c361082d554d4593c3012e26f6b188f902acd291330f13d6427641a92b3da1
      url: "https://pub.dev"
    source: hosted
    version: "0.14.2"
  json_annotation:
    dependency: transitive
    description:
      name: json_annotation
      sha256: "1ce844379ca14835a50d2f019a3099f419082cfdd231cd86a142af94dd5c6bb1"
      url: "https://pub.dev"
    source: hosted
    version: "4.9.0"
  jwt_decode:
    dependency: transitive
    description:
      name: jwt_decode
      sha256: d2e9f68c052b2225130977429d30f187aa1981d789c76ad104a32243cfdebfbb
      url: "https://pub.dev"
    source: hosted
    version: "0.3.1"
  leak_tracker:
    dependency: transitive
    description:
      name: leak_tracker
      sha256: "33e2e26bdd85a0112ec15400c8cbffea70d0f9c3407491f672a2fad47915e2de"
      url: "https://pub.dev"
    source: hosted
    version: "11.0.2"
  leak_tracker_flutter_testing:
    dependency: transitive
    description:
      name: leak_tracker_flutter_testing
      sha256: "1dbc140bb5a23c75ea9c4811222756104fbcd1a27173f0c34ca01e16bea473c1"
      url: "https://pub.dev"
    source: hosted
    version: "3.0.10"
  leak_tracker_testing:
    dependency: transitive
    description:
      name: leak_tracker_testing
      sha256: "8d5a2d49f4a66b49744b23b018848400d23e54caf9463f4eb20df3eb8acb2eb1"
      url: "https://pub.dev"
    source: hosted
    version: "3.0.2"
  lints:
    dependency: transitive
    description:
      name: lints
      sha256: a5e2b223cb7c9c8efdc663ef484fdd95bb243bff242ef5b13e26883547fce9a0
      url: "https://pub.dev"
    source: hosted
    version: "6.0.0"
  logging:
    dependency: transitive
    description:
      name: logging
      sha256: c8245ada5f1717ed44271ed1c26b8ce85ca3228fd2ffdb75468ab01979309d61
      url: "https://pub.dev"
    source: hosted
    version: "1.3.0"
  mapbox_maps_flutter:
    dependency: "direct main"
    description:
      name: mapbox_maps_flutter
      sha256: "62d696ebee5485c53c0dbbc7181069a0b7a41fcc3263ef261e49be342f00ce7a"
      url: "https://pub.dev"
    source: hosted
    version: "2.12.0"
  markdown:
    dependency: transitive
    description:
      name: markdown
      sha256: "935e23e1ff3bc02d390bad4d4be001208ee92cc217cb5b5a6c19bc14aaa318c1"
      url: "https://pub.dev"
    source: hosted
    version: "7.3.0"
  matcher:
    dependency: transitive
    description:
      name: matcher
      sha256: dc58c723c3c24bf8d3e2d3ad3f2f9d7bd9cf43ec6feaa64181775e60190153f2
      url: "https://pub.dev"
    source: hosted
    version: "0.12.17"
  material_color_utilities:
    dependency: transitive
    description:
      name: material_color_utilities
      sha256: f7142bb1154231d7ea5f96bc7bde4bda2a0945d2806bb11670e30b850d56bdec
      url: "https://pub.dev"
    source: hosted
    version: "0.11.1"
  meta:
    dependency: transitive
    description:
      name: meta
      sha256: "23f08335362185a5ea2ad3a4e597f1375e78bce8a040df5c600c8d3552ef2394"
      url: "https://pub.dev"
    source: hosted
    version: "1.17.0"
  mime:
    dependency: transitive
    description:
      name: mime
      sha256: "41a20518f0cb1256669420fdba0cd90d21561e560ac240f26ef8322e45bb7ed6"
      url: "https://pub.dev"
    source: hosted
    version: "2.0.0"
  mixpanel_flutter:
    dependency: "direct main"
    description:
      name: mixpanel_flutter
      sha256: "0ecd870cceed1cf4600c403e5544b88efa65b8fd3f30fad679702d1ae9e0ac15"
      url: "https://pub.dev"
    source: hosted
    version: "2.4.4"
  nested:
    dependency: transitive
    description:
      name: nested
      sha256: "03bac4c528c64c95c722ec99280375a6f2fc708eec17c7b3f07253b626cd2a20"
      url: "https://pub.dev"
    source: hosted
    version: "1.0.0"
  objective_c:
    dependency: transitive
    description:
      name: objective_c
      sha256: "64e35e1e2e79da4e83f2ace3bf4e5437cef523f46c7db2eba9a1419c49573790"
      url: "https://pub.dev"
    source: hosted
    version: "8.0.0"
  octo_image:
    dependency: transitive
    description:
      name: octo_image
      sha256: "34faa6639a78c7e3cbe79be6f9f96535867e879748ade7d17c9b1ae7536293bd"
      url: "https://pub.dev"
    source: hosted
    version: "2.1.0"
  package_config:
    dependency: transitive
    description:
      name: package_config
      sha256: f096c55ebb7deb7e384101542bfba8c52696c1b56fca2eb62827989ef2353bbc
      url: "https://pub.dev"
    source: hosted
    version: "2.2.0"
  package_info_plus:
    dependency: "direct main"
    description:
      name: package_info_plus
      sha256: f69da0d3189a4b4ceaeb1a3defb0f329b3b352517f52bed4290f83d4f06bc08d
      url: "https://pub.dev"
    source: hosted
    version: "9.0.0"
  package_info_plus_platform_interface:
    dependency: transitive
    description:
      name: package_info_plus_platform_interface
      sha256: "202a487f08836a592a6bd4f901ac69b3a8f146af552bbd14407b6b41e1c3f086"
      url: "https://pub.dev"
    source: hosted
    version: "3.2.1"
  path:
    dependency: transitive
    description:
      name: path
      sha256: "75cca69d1490965be98c73ceaea117e8a04dd21217b37b292c9ddbec0d955bc5"
      url: "https://pub.dev"
    source: hosted
    version: "1.9.1"
  path_provider:
    dependency: "direct main"
    description:
      name: path_provider
      sha256: "50c5dd5b6e1aaf6fb3a78b33f6aa3afca52bf903a8a5298f53101fdaee55bbcd"
      url: "https://pub.dev"
    source: hosted
    version: "2.1.5"
  path_provider_android:
    dependency: transitive
    description:
      name: path_provider_android
      sha256: d0d310befe2c8ab9e7f393288ccbb11b60c019c6b5afc21973eeee4dda2b35e9
      url: "https://pub.dev"
    source: hosted
    version: "2.2.17"
  path_provider_foundation:
    dependency: transitive
    description:
      name: path_provider_foundation
      sha256: "4843174df4d288f5e29185bd6e72a6fbdf5a4a4602717eed565497429f179942"
      url: "https://pub.dev"
    source: hosted
    version: "2.4.1"
  path_provider_linux:
    dependency: transitive
    description:
      name: path_provider_linux
      sha256: f7a1fe3a634fe7734c8d3f2766ad746ae2a2884abe22e241a8b301bf5cac3279
      url: "https://pub.dev"
    source: hosted
    version: "2.2.1"
  path_provider_platform_interface:
    dependency: transitive
    description:
      name: path_provider_platform_interface
      sha256: "88f5779f72ba699763fa3a3b06aa4bf6de76c8e5de842cf6f29e2e06476c2334"
      url: "https://pub.dev"
    source: hosted
    version: "2.1.2"
  path_provider_windows:
    dependency: transitive
    description:
      name: path_provider_windows
      sha256: bd6f00dbd873bfb70d0761682da2b3a2c2fccc2b9e84c495821639601d81afe7
      url: "https://pub.dev"
    source: hosted
    version: "2.3.0"
  percent_indicator:
    dependency: "direct main"
    description:
      name: percent_indicator
      sha256: "157d29133bbc6ecb11f923d36e7960a96a3f28837549a20b65e5135729f0f9fd"
      url: "https://pub.dev"
    source: hosted
    version: "4.2.5"
  petitparser:
    dependency: transitive
    description:
      name: petitparser
      sha256: "1a97266a94f7350d30ae522c0af07890c70b8e62c71e8e3920d1db4d23c057d1"
      url: "https://pub.dev"
    source: hosted
    version: "7.0.1"
  photo_view:
    dependency: "direct main"
    description:
      name: photo_view
      sha256: "1fc3d970a91295fbd1364296575f854c9863f225505c28c46e0a03e48960c75e"
      url: "https://pub.dev"
    source: hosted
    version: "0.15.0"
  platform:
    dependency: transitive
    description:
      name: platform
      sha256: "5d6b1b0036a5f331ebc77c850ebc8506cbc1e9416c27e59b439f917a902a4984"
      url: "https://pub.dev"
    source: hosted
    version: "3.1.6"
  plugin_platform_interface:
    dependency: transitive
    description:
      name: plugin_platform_interface
      sha256: "4820fbfdb9478b1ebae27888254d445073732dae3d6ea81f0b7e06d5dedc3f02"
      url: "https://pub.dev"
    source: hosted
    version: "2.1.8"
  posix:
    dependency: transitive
    description:
      name: posix
      sha256: f0d7856b6ca1887cfa6d1d394056a296ae33489db914e365e2044fdada449e62
      url: "https://pub.dev"
    source: hosted
    version: "6.0.2"
  postgrest:
    dependency: transitive
    description:
      name: postgrest
      sha256: "57637e331af3863fa1f555907ff24c30d69c3ad3ff127d89320e70e8d5e585f5"
      url: "https://pub.dev"
    source: hosted
    version: "2.5.0"
  provider:
    dependency: "direct main"
    description:
      name: provider
      sha256: "4e82183fa20e5ca25703ead7e05de9e4cceed1fbd1eadc1ac3cb6f565a09f272"
      url: "https://pub.dev"
    source: hosted
    version: "6.1.5+1"
  pub_semver:
    dependency: transitive
    description:
      name: pub_semver
      sha256: "5bfcf68ca79ef689f8990d1160781b4bad40a3bd5e5218ad4076ddb7f4081585"
      url: "https://pub.dev"
    source: hosted
    version: "2.2.0"
  rate_my_app:
    dependency: "direct main"
    description:
      name: rate_my_app
      sha256: aeb400808f99aba7e8b853b911915bca10308aff711fa8e2d46b5f68dc383786
      url: "https://pub.dev"
    source: hosted
    version: "2.3.2"
  rbush:
    dependency: transitive
    description:
      name: rbush
      sha256: "48b683421b4afb43a642f82c6aa31911e54f3069143d31c7d33cbe329df13403"
      url: "https://pub.dev"
    source: hosted
    version: "1.1.1"
  readmore:
    dependency: "direct main"
    description:
      name: readmore
      sha256: e8fca2bd397b86342483b409e2ec26f06560a5963aceaa39b27f30722b506187
      url: "https://pub.dev"
    source: hosted
    version: "3.0.0"
  realtime_client:
    dependency: transitive
    description:
      name: realtime_client
      sha256: "32173d33c34c73e1c15b2cdb14d511a62290b322a4c788450678c6479d3e85d5"
      url: "https://pub.dev"
    source: hosted
    version: "2.6.0"
  retry:
    dependency: transitive
    description:
      name: retry
      sha256: "822e118d5b3aafed083109c72d5f484c6dc66707885e07c0fbcb8b986bba7efc"
      url: "https://pub.dev"
    source: hosted
    version: "3.1.2"
  rxdart:
    dependency: transitive
    description:
      name: rxdart
      sha256: "5c3004a4a8dbb94bd4bf5412a4def4acdaa12e12f269737a5751369e12d1a962"
      url: "https://pub.dev"
    source: hosted
    version: "0.28.0"
  sanitize_html:
    dependency: transitive
    description:
      name: sanitize_html
      sha256: "12669c4a913688a26555323fb9cec373d8f9fbe091f2d01c40c723b33caa8989"
      url: "https://pub.dev"
    source: hosted
    version: "2.1.0"
  sentry:
    dependency: transitive
    description:
      name: sentry
      sha256: "10a0bc25f5f21468e3beeae44e561825aaa02cdc6829438e73b9b64658ff88d9"
      url: "https://pub.dev"
    source: hosted
    version: "9.8.0"
  sentry_flutter:
    dependency: "direct main"
    description:
      name: sentry_flutter
      sha256: aafbf41c63c98a30b17bdbf3313424d5102db62b08735c44bff810f277e786a5
      url: "https://pub.dev"
    source: hosted
    version: "9.8.0"
  share_plus:
    dependency: "direct main"
    description:
      name: share_plus
      sha256: "14c8860d4de93d3a7e53af51bff479598c4e999605290756bbbe45cf65b37840"
      url: "https://pub.dev"
    source: hosted
    version: "12.0.1"
  share_plus_platform_interface:
    dependency: transitive
    description:
      name: share_plus_platform_interface
      sha256: "88023e53a13429bd65d8e85e11a9b484f49d4c190abbd96c7932b74d6927cc9a"
      url: "https://pub.dev"
    source: hosted
    version: "6.1.0"
  shared_preferences:
    dependency: "direct main"
    description:
      name: shared_preferences
      sha256: "6e8bf70b7fef813df4e9a36f658ac46d107db4b4cfe1048b477d4e453a8159f5"
      url: "https://pub.dev"
    source: hosted
    version: "2.5.3"
  shared_preferences_android:
    dependency: transitive
    description:
      name: shared_preferences_android
      sha256: "20cbd561f743a342c76c151d6ddb93a9ce6005751e7aa458baad3858bfbfb6ac"
      url: "https://pub.dev"
    source: hosted
    version: "2.4.10"
  shared_preferences_foundation:
    dependency: transitive
    description:
      name: shared_preferences_foundation
      sha256: "6a52cfcdaeac77cad8c97b539ff688ccfc458c007b4db12be584fbe5c0e49e03"
      url: "https://pub.dev"
    source: hosted
    version: "2.5.4"
  shared_preferences_linux:
    dependency: transitive
    description:
      name: shared_preferences_linux
      sha256: "580abfd40f415611503cae30adf626e6656dfb2f0cee8f465ece7b6defb40f2f"
      url: "https://pub.dev"
    source: hosted
    version: "2.4.1"
  shared_preferences_platform_interface:
    dependency: transitive
    description:
      name: shared_preferences_platform_interface
      sha256: "57cbf196c486bc2cf1f02b85784932c6094376284b3ad5779d1b1c6c6a816b80"
      url: "https://pub.dev"
    source: hosted
    version: "2.4.1"
  shared_preferences_web:
    dependency: transitive
    description:
      name: shared_preferences_web
      sha256: c49bd060261c9a3f0ff445892695d6212ff603ef3115edbb448509d407600019
      url: "https://pub.dev"
    source: hosted
    version: "2.4.3"
  shared_preferences_windows:
    dependency: transitive
    description:
      name: shared_preferences_windows
      sha256: "94ef0f72b2d71bc3e700e025db3710911bd51a71cefb65cc609dd0d9a982e3c1"
      url: "https://pub.dev"
    source: hosted
    version: "2.4.1"
  shimmer:
    dependency: "direct main"
    description:
      name: shimmer
      sha256: "5f88c883a22e9f9f299e5ba0e4f7e6054857224976a5d9f839d4ebdc94a14ac9"
      url: "https://pub.dev"
    source: hosted
    version: "3.0.0"
  sign_in_with_apple:
    dependency: "direct main"
    description:
      name: sign_in_with_apple
      sha256: "8bd875c8e8748272749eb6d25b896f768e7e9d60988446d543fe85a37a2392b8"
      url: "https://pub.dev"
    source: hosted
    version: "7.0.1"
  sign_in_with_apple_platform_interface:
    dependency: transitive
    description:
      name: sign_in_with_apple_platform_interface
      sha256: "981bca52cf3bb9c3ad7ef44aace2d543e5c468bb713fd8dda4275ff76dfa6659"
      url: "https://pub.dev"
    source: hosted
    version: "2.0.0"
  sign_in_with_apple_web:
    dependency: transitive
    description:
      name: sign_in_with_apple_web
      sha256: f316400827f52cafcf50d00e1a2e8a0abc534ca1264e856a81c5f06bd5b10fed
      url: "https://pub.dev"
    source: hosted
    version: "3.0.0"
  sky_engine:
    dependency: transitive
    description: flutter
    source: sdk
    version: "0.0.0"
  sliding_up_panel:
    dependency: "direct main"
    description:
      name: sliding_up_panel
      sha256: "578e90956a6212d1e406373250b2436a0f3afece29aee3c24c8360094d6cf968"
      url: "https://pub.dev"
    source: hosted
    version: "2.0.0+1"
  smooth_page_indicator:
    dependency: "direct main"
    description:
      name: smooth_page_indicator
      sha256: b21ebb8bc39cf72d11c7cfd809162a48c3800668ced1c9da3aade13a32cf6c1c
      url: "https://pub.dev"
    source: hosted
    version: "1.2.1"
  source_span:
    dependency: transitive
    description:
      name: source_span
      sha256: "254ee5351d6cb365c859e20ee823c3bb479bf4a293c22d17a9f1bf144ce86f7c"
      url: "https://pub.dev"
    source: hosted
    version: "1.10.1"
  sqflite:
    dependency: transitive
    description:
      name: sqflite
      sha256: e2297b1da52f127bc7a3da11439985d9b536f75070f3325e62ada69a5c585d03
      url: "https://pub.dev"
    source: hosted
    version: "2.4.2"
  sqflite_android:
    dependency: transitive
    description:
      name: sqflite_android
      sha256: "2b3070c5fa881839f8b402ee4a39c1b4d561704d4ebbbcfb808a119bc2a1701b"
      url: "https://pub.dev"
    source: hosted
    version: "2.4.1"
  sqflite_common:
    dependency: transitive
    description:
      name: sqflite_common
      sha256: "84731e8bfd8303a3389903e01fb2141b6e59b5973cacbb0929021df08dddbe8b"
      url: "https://pub.dev"
    source: hosted
    version: "2.5.5"
  sqflite_darwin:
    dependency: transitive
    description:
      name: sqflite_darwin
      sha256: "279832e5cde3fe99e8571879498c9211f3ca6391b0d818df4e17d9fff5c6ccb3"
      url: "https://pub.dev"
    source: hosted
    version: "2.4.2"
  sqflite_platform_interface:
    dependency: transitive
    description:
      name: sqflite_platform_interface
      sha256: "8dd4515c7bdcae0a785b0062859336de775e8c65db81ae33dd5445f35be61920"
      url: "https://pub.dev"
    source: hosted
    version: "2.4.0"
  stack_trace:
    dependency: transitive
    description:
      name: stack_trace
      sha256: "8b27215b45d22309b5cddda1aa2b19bdfec9df0e765f2de506401c071d38d1b1"
      url: "https://pub.dev"
    source: hosted
    version: "1.12.1"
  storage_client:
    dependency: transitive
    description:
      name: storage_client
      sha256: "1c61b19ed9e78f37fdd1ca8b729ab8484e6c8fe82e15c87e070b861951183657"
      url: "https://pub.dev"
    source: hosted
    version: "2.4.1"
  stream_channel:
    dependency: transitive
    description:
      name: stream_channel
      sha256: "969e04c80b8bcdf826f8f16579c7b14d780458bd97f56d107d3950fdbeef059d"
      url: "https://pub.dev"
    source: hosted
    version: "2.1.4"
  stream_transform:
    dependency: transitive
    description:
      name: stream_transform
      sha256: ad47125e588cfd37a9a7f86c7d6356dde8dfe89d071d293f80ca9e9273a33871
      url: "https://pub.dev"
    source: hosted
    version: "2.1.1"
  string_scanner:
    dependency: transitive
    description:
      name: string_scanner
      sha256: "921cd31725b72fe181906c6a94d987c78e3b98c2e205b397ea399d4054872b43"
      url: "https://pub.dev"
    source: hosted
    version: "1.4.1"
  supabase:
    dependency: transitive
    description:
      name: supabase
      sha256: fc5bf5518f1594a0809203fa406a5094239dd1a8d090db6ebf24d6e238fcd8b3
      url: "https://pub.dev"
    source: hosted
    version: "2.10.0"
  supabase_flutter:
    dependency: "direct main"
    description:
      name: supabase_flutter
      sha256: "01fff52de41853373e1465acc2a3a3c9859a30357b84a548c3583d9ef0b02972"
      url: "https://pub.dev"
    source: hosted
    version: "2.10.3"
  sweepline_intersections:
    dependency: transitive
    description:
      name: sweepline_intersections
      sha256: a665c707200a4f07140a4029b41a7c4883beb3f04322cd8e08ebf650f69e1176
      url: "https://pub.dev"
    source: hosted
    version: "0.0.4"
  synchronized:
    dependency: transitive
    description:
      name: synchronized
      sha256: "0669c70faae6270521ee4f05bffd2919892d42d1276e6c495be80174b6bc0ef6"
      url: "https://pub.dev"
    source: hosted
    version: "3.3.1"
  term_glyph:
    dependency: transitive
    description:
      name: term_glyph
      sha256: "7f554798625ea768a7518313e58f83891c7f5024f88e46e7182a4558850a4b8e"
      url: "https://pub.dev"
    source: hosted
    version: "1.2.2"
  test_api:
    dependency: transitive
    description:
      name: test_api
      sha256: ab2726c1a94d3176a45960b6234466ec367179b87dd74f1611adb1f3b5fb9d55
      url: "https://pub.dev"
    source: hosted
    version: "0.7.7"
  turf:
    dependency: transitive
    description:
      name: turf
      sha256: "75347c45a5c1de805db7cb182286f05a3770e01546626c4dc292709d15cbe436"
      url: "https://pub.dev"
    source: hosted
    version: "0.0.10"
  turf_equality:
    dependency: transitive
    description:
      name: turf_equality
      sha256: f0f44ffe389547941358e0d3d4a747db2bd56115b32ff1cede5e5bdf3126a3e2
      url: "https://pub.dev"
    source: hosted
    version: "0.1.0"
  turf_pip:
    dependency: transitive
    description:
      name: turf_pip
      sha256: ba4fd414baffd5d7b30880658ad6db82461c49ec023f8ffd0c23d398ad8b14be
      url: "https://pub.dev"
    source: hosted
    version: "0.0.2"
  typed_data:
    dependency: transitive
    description:
      name: typed_data
      sha256: f9049c039ebfeb4cf7a7104a675823cd72dba8297f264b6637062516699fa006
      url: "https://pub.dev"
    source: hosted
    version: "1.4.0"
  universal_io:
    dependency: transitive
    description:
      name: universal_io
      sha256: "1722b2dcc462b4b2f3ee7d188dad008b6eb4c40bbd03a3de451d82c78bba9aad"
      url: "https://pub.dev"
    source: hosted
    version: "2.2.2"
  url_launcher:
    dependency: "direct main"
    description:
      name: url_launcher
      sha256: f6a7e5c4835bb4e3026a04793a4199ca2d14c739ec378fdfe23fc8075d0439f8
      url: "https://pub.dev"
    source: hosted
    version: "6.3.2"
  url_launcher_android:
    dependency: transitive
    description:
      name: url_launcher_android
      sha256: "8582d7f6fe14d2652b4c45c9b6c14c0b678c2af2d083a11b604caeba51930d79"
      url: "https://pub.dev"
    source: hosted
    version: "6.3.16"
  url_launcher_ios:
    dependency: transitive
    description:
      name: url_launcher_ios
      sha256: "7f2022359d4c099eea7df3fdf739f7d3d3b9faf3166fb1dd390775176e0b76cb"
      url: "https://pub.dev"
    source: hosted
    version: "6.3.3"
  url_launcher_linux:
    dependency: transitive
    description:
      name: url_launcher_linux
      sha256: "4e9ba368772369e3e08f231d2301b4ef72b9ff87c31192ef471b380ef29a4935"
      url: "https://pub.dev"
    source: hosted
    version: "3.2.1"
  url_launcher_macos:
    dependency: transitive
    description:
      name: url_launcher_macos
      sha256: "17ba2000b847f334f16626a574c702b196723af2a289e7a93ffcb79acff855c2"
      url: "https://pub.dev"
    source: hosted
    version: "3.2.2"
  url_launcher_platform_interface:
    dependency: transitive
    description:
      name: url_launcher_platform_interface
      sha256: "552f8a1e663569be95a8190206a38187b531910283c3e982193e4f2733f01029"
      url: "https://pub.dev"
    source: hosted
    version: "2.3.2"
  url_launcher_web:
    dependency: transitive
    description:
      name: url_launcher_web
      sha256: "4bd2b7b4dc4d4d0b94e5babfffbca8eac1a126c7f3d6ecbc1a11013faa3abba2"
      url: "https://pub.dev"
    source: hosted
    version: "2.4.1"
  url_launcher_windows:
    dependency: transitive
    description:
      name: url_launcher_windows
      sha256: "3284b6d2ac454cf34f114e1d3319866fdd1e19cdc329999057e44ffe936cfa77"
      url: "https://pub.dev"
    source: hosted
    version: "3.1.4"
  uuid:
    dependency: "direct main"
    description:
      name: uuid
      sha256: a11b666489b1954e01d992f3d601b1804a33937b5a8fe677bd26b8a9f96f96e8
      url: "https://pub.dev"
    source: hosted
    version: "4.5.2"
  vector_math:
    dependency: transitive
    description:
      name: vector_math
      sha256: d530bd74fea330e6e364cda7a85019c434070188383e1cd8d9777ee586914c5b
      url: "https://pub.dev"
    source: hosted
    version: "2.2.0"
  vm_service:
    dependency: transitive
    description:
      name: vm_service
      sha256: "0968250880a6c5fe7edc067ed0a13d4bae1577fe2771dcf3010d52c4a9d3ca14"
      url: "https://pub.dev"
    source: hosted
    version: "14.3.1"
  web:
    dependency: transitive
    description:
      name: web
      sha256: "868d88a33d8a87b18ffc05f9f030ba328ffefba92d6c127917a2ba740f9cfe4a"
      url: "https://pub.dev"
    source: hosted
    version: "1.1.1"
  web_socket:
    dependency: transitive
    description:
      name: web_socket
      sha256: "34d64019aa8e36bf9842ac014bb5d2f5586ca73df5e4d9bf5c936975cae6982c"
      url: "https://pub.dev"
    source: hosted
    version: "1.0.1"
  web_socket_channel:
    dependency: transitive
    description:
      name: web_socket_channel
      sha256: d645757fb0f4773d602444000a8131ff5d48c9e47adfe9772652dd1a4f2d45c8
      url: "https://pub.dev"
    source: hosted
    version: "3.0.3"
  win32:
    dependency: transitive
    description:
      name: win32
      sha256: dc6ecaa00a7c708e5b4d10ee7bec8c270e9276dfcab1783f57e9962d7884305f
      url: "https://pub.dev"
    source: hosted
    version: "5.12.0"
  xdg_directories:
    dependency: transitive
    description:
      name: xdg_directories
      sha256: "7a3f37b05d989967cdddcbb571f1ea834867ae2faa29725fd085180e0883aa15"
      url: "https://pub.dev"
    source: hosted
    version: "1.1.0"
  xml:
    dependency: transitive
    description:
      name: xml
      sha256: "971043b3a0d3da28727e40ed3e0b5d18b742fa5a68665cca88e74b7876d5e025"
      url: "https://pub.dev"
    source: hosted
    version: "6.6.1"
  yaml:
    dependency: transitive
    description:
      name: yaml
      sha256: b9da305ac7c39faa3f030eccd175340f968459dae4af175130b3fc47e40d76ce
      url: "https://pub.dev"
    source: hosted
    version: "3.1.3"
  yet_another_json_isolate:
    dependency: transitive
    description:
      name: yet_another_json_isolate
      sha256: fe45897501fa156ccefbfb9359c9462ce5dec092f05e8a56109db30be864f01e
      url: "https://pub.dev"
    source: hosted
    version: "2.1.0"
sdks:
  dart: ">=3.9.0 <4.0.0"
  flutter: ">=3.35.0"
