PODS:
  - app_links (0.0.2):
    - Flutter
  - AppAuth (2.0.0):
    - AppAuth/Core (= 2.0.0)
    - AppAuth/ExternalUserAgent (= 2.0.0)
  - AppAuth/Core (2.0.0)
  - AppAuth/ExternalUserAgent (2.0.0):
    - AppAuth/Core
  - AppCheckCore (11.2.0):
    - GoogleUtilities/Environment (~> 8.0)
    - GoogleUtilities/UserDefaults (~> 8.0)
    - PromisesObjC (~> 2.4)
  - BranchSDK (3.13.3)
  - device_info_plus (0.0.1):
    - Flutter
  - Firebase/Auth (12.4.0):
    - Firebase/CoreOnly
    - FirebaseAuth (~> 12.4.0)
  - Firebase/CoreOnly (12.4.0):
    - FirebaseCore (~> 12.4.0)
  - Firebase/Messaging (12.4.0):
    - Firebase/CoreOnly
    - FirebaseMessaging (~> 12.4.0)
  - Firebase/RemoteConfig (12.4.0):
    - Firebase/CoreOnly
    - FirebaseRemoteConfig (~> 12.4.0)
  - Firebase/Storage (12.4.0):
    - Firebase/CoreOnly
    - FirebaseStorage (~> 12.4.0)
  - firebase_auth (6.1.2):
    - Firebase/Auth (= 12.4.0)
    - firebase_core
    - Flutter
  - firebase_core (4.2.1):
    - Firebase/CoreOnly (= 12.4.0)
    - Flutter
  - firebase_messaging (16.0.4):
    - Firebase/Messaging (= 12.4.0)
    - firebase_core
    - Flutter
  - firebase_remote_config (6.1.1):
    - Firebase/RemoteConfig (= 12.4.0)
    - firebase_core
    - Flutter
  - firebase_storage (13.0.4):
    - Firebase/Storage (= 12.4.0)
    - firebase_core
    - Flutter
  - FirebaseABTesting (12.4.0):
    - FirebaseCore (~> 12.4.0)
  - FirebaseAppCheckInterop (12.4.0)
  - FirebaseAuth (12.4.0):
    - FirebaseAppCheckInterop (~> 12.4.0)
    - FirebaseAuthInterop (~> 12.4.0)
    - FirebaseCore (~> 12.4.0)
    - FirebaseCoreExtension (~> 12.4.0)
    - GoogleUtilities/AppDelegateSwizzler (~> 8.1)
    - GoogleUtilities/Environment (~> 8.1)
    - GTMSessionFetcher/Core (< 6.0, >= 3.4)
    - RecaptchaInterop (~> 101.0)
  - FirebaseAuthInterop (12.4.0)
  - FirebaseCore (12.4.0):
    - FirebaseCoreInternal (~> 12.4.0)
    - GoogleUtilities/Environment (~> 8.1)
    - GoogleUtilities/Logger (~> 8.1)
  - FirebaseCoreExtension (12.4.0):
    - FirebaseCore (~> 12.4.0)
  - FirebaseCoreInternal (12.4.0):
    - "GoogleUtilities/NSData+zlib (~> 8.1)"
  - FirebaseInstallations (12.4.0):
    - FirebaseCore (~> 12.4.0)
    - GoogleUtilities/Environment (~> 8.1)
    - GoogleUtilities/UserDefaults (~> 8.1)
    - PromisesObjC (~> 2.4)
  - FirebaseMessaging (12.4.0):
    - FirebaseCore (~> 12.4.0)
    - FirebaseInstallations (~> 12.4.0)
    - GoogleDataTransport (~> 10.1)
    - GoogleUtilities/AppDelegateSwizzler (~> 8.1)
    - GoogleUtilities/Environment (~> 8.1)
    - GoogleUtilities/Reachability (~> 8.1)
    - GoogleUtilities/UserDefaults (~> 8.1)
    - nanopb (~> 3.30910.0)
  - FirebaseRemoteConfig (12.4.0):
    - FirebaseABTesting (~> 12.4.0)
    - FirebaseCore (~> 12.4.0)
    - FirebaseInstallations (~> 12.4.0)
    - FirebaseRemoteConfigInterop (~> 12.4.0)
    - FirebaseSharedSwift (~> 12.4.0)
    - GoogleUtilities/Environment (~> 8.1)
    - "GoogleUtilities/NSData+zlib (~> 8.1)"
  - FirebaseRemoteConfigInterop (12.4.0)
  - FirebaseSharedSwift (12.4.0)
  - FirebaseStorage (12.4.0):
    - FirebaseAppCheckInterop (~> 12.4.0)
    - FirebaseAuthInterop (~> 12.4.0)
    - FirebaseCore (~> 12.4.0)
    - FirebaseCoreExtension (~> 12.4.0)
    - GoogleUtilities/Environment (~> 8.1)
    - GTMSessionFetcher/Core (< 6.0, >= 3.4)
  - Flutter (1.0.0)
  - flutter_branch_sdk (8.10.0):
    - BranchSDK (~> 3.13.0)
    - Flutter
  - flutter_image_compress_common (1.0.0):
    - Flutter
    - Mantle
    - SDWebImage
    - SDWebImageWebPCoder
  - flutter_native_splash (2.4.3):
    - Flutter
  - Google-Maps-iOS-Utils (6.1.0):
    - GoogleMaps (~> 9.0)
  - google_maps_flutter_ios (0.0.1):
    - Flutter
    - Google-Maps-iOS-Utils (< 7.0, >= 5.0)
    - GoogleMaps (< 10.0, >= 8.4)
  - google_sign_in_ios (0.0.1):
    - Flutter
    - FlutterMacOS
    - GoogleSignIn (~> 9.0)
    - GTMSessionFetcher (>= 3.4.0)
  - GoogleDataTransport (10.1.0):
    - nanopb (~> 3.30910.0)
    - PromisesObjC (~> 2.4)
  - GoogleMaps (9.4.0):
    - GoogleMaps/Maps (= 9.4.0)
  - GoogleMaps/Maps (9.4.0)
  - GoogleSignIn (9.0.0):
    - AppAuth (~> 2.0)
    - AppCheckCore (~> 11.0)
    - GTMAppAuth (~> 5.0)
    - GTMSessionFetcher/Core (~> 3.3)
  - GoogleUtilities/AppDelegateSwizzler (8.1.0):
    - GoogleUtilities/Environment
    - GoogleUtilities/Logger
    - GoogleUtilities/Network
    - GoogleUtilities/Privacy
  - GoogleUtilities/Environment (8.1.0):
    - GoogleUtilities/Privacy
  - GoogleUtilities/Logger (8.1.0):
    - GoogleUtilities/Environment
    - GoogleUtilities/Privacy
  - GoogleUtilities/Network (8.1.0):
    - GoogleUtilities/Logger
    - "GoogleUtilities/NSData+zlib"
    - GoogleUtilities/Privacy
    - GoogleUtilities/Reachability
  - "GoogleUtilities/NSData+zlib (8.1.0)":
    - GoogleUtilities/Privacy
  - GoogleUtilities/Privacy (8.1.0)
  - GoogleUtilities/Reachability (8.1.0):
    - GoogleUtilities/Logger
    - GoogleUtilities/Privacy
  - GoogleUtilities/UserDefaults (8.1.0):
    - GoogleUtilities/Logger
    - GoogleUtilities/Privacy
  - GTMAppAuth (5.0.0):
    - AppAuth/Core (~> 2.0)
    - GTMSessionFetcher/Core (< 4.0, >= 3.3)
  - GTMSessionFetcher (3.5.0):
    - GTMSessionFetcher/Full (= 3.5.0)
  - GTMSessionFetcher/Core (3.5.0)
  - GTMSessionFetcher/Full (3.5.0):
    - GTMSessionFetcher/Core
  - image_picker_ios (0.0.1):
    - Flutter
  - libwebp (1.5.0):
    - libwebp/demux (= 1.5.0)
    - libwebp/mux (= 1.5.0)
    - libwebp/sharpyuv (= 1.5.0)
    - libwebp/webp (= 1.5.0)
  - libwebp/demux (1.5.0):
    - libwebp/webp
  - libwebp/mux (1.5.0):
    - libwebp/demux
  - libwebp/sharpyuv (1.5.0)
  - libwebp/webp (1.5.0):
    - libwebp/sharpyuv
  - Mantle (2.2.0):
    - Mantle/extobjc (= 2.2.0)
  - Mantle/extobjc (2.2.0)
  - mapbox_maps_flutter (2.12.0):
    - Flutter
    - MapboxMaps (= 11.16.0)
    - Turf (= 4.0.0)
  - MapboxCommon (24.16.0):
    - Turf (= 4.0.0)
  - MapboxCoreMaps (11.16.0):
    - MapboxCommon (= 24.16.0)
  - MapboxMaps (11.16.0):
    - MapboxCommon (= 24.16.0)
    - MapboxCoreMaps (= 11.16.0)
    - Turf (= 4.0.0)
  - Mixpanel-swift (5.1.0):
    - Mixpanel-swift/Complete (= 5.1.0)
  - Mixpanel-swift/Complete (5.1.0)
  - mixpanel_flutter (2.4.4):
    - Flutter
    - Mixpanel-swift (= 5.1.0)
  - nanopb (3.30910.0):
    - nanopb/decode (= 3.30910.0)
    - nanopb/encode (= 3.30910.0)
  - nanopb/decode (3.30910.0)
  - nanopb/encode (3.30910.0)
  - package_info_plus (0.4.5):
    - Flutter
  - path_provider_foundation (0.0.1):
    - Flutter
    - FlutterMacOS
  - PromisesObjC (2.4.0)
  - rate_my_app (2.3.2):
    - Flutter
    - FlutterMacOS
  - RecaptchaInterop (101.0.0)
  - SDWebImage (5.21.3):
    - SDWebImage/Core (= 5.21.3)
  - SDWebImage/Core (5.21.3)
  - SDWebImageWebPCoder (0.15.0):
    - libwebp (~> 1.0)
    - SDWebImage/Core (~> 5.17)
  - Sentry/HybridSDK (8.56.2)
  - sentry_flutter (9.9.1):
    - Flutter
    - FlutterMacOS
    - Sentry/HybridSDK (= 8.56.2)
  - share_plus (0.0.1):
    - Flutter
  - shared_preferences_foundation (0.0.1):
    - Flutter
    - FlutterMacOS
  - sign_in_with_apple (0.0.1):
    - Flutter
  - sqflite_darwin (0.0.4):
    - Flutter
    - FlutterMacOS
  - Turf (4.0.0)
  - url_launcher_ios (0.0.1):
    - Flutter

DEPENDENCIES:
  - app_links (from `.symlinks/plugins/app_links/ios`)
  - device_info_plus (from `.symlinks/plugins/device_info_plus/ios`)
  - firebase_auth (from `.symlinks/plugins/firebase_auth/ios`)
  - firebase_core (from `.symlinks/plugins/firebase_core/ios`)
  - firebase_messaging (from `.symlinks/plugins/firebase_messaging/ios`)
  - firebase_remote_config (from `.symlinks/plugins/firebase_remote_config/ios`)
  - firebase_storage (from `.symlinks/plugins/firebase_storage/ios`)
  - Flutter (from `Flutter`)
  - flutter_branch_sdk (from `.symlinks/plugins/flutter_branch_sdk/ios`)
  - flutter_image_compress_common (from `.symlinks/plugins/flutter_image_compress_common/ios`)
  - flutter_native_splash (from `.symlinks/plugins/flutter_native_splash/ios`)
  - google_maps_flutter_ios (from `.symlinks/plugins/google_maps_flutter_ios/ios`)
  - google_sign_in_ios (from `.symlinks/plugins/google_sign_in_ios/darwin`)
  - image_picker_ios (from `.symlinks/plugins/image_picker_ios/ios`)
  - mapbox_maps_flutter (from `.symlinks/plugins/mapbox_maps_flutter/ios`)
  - mixpanel_flutter (from `.symlinks/plugins/mixpanel_flutter/ios`)
  - package_info_plus (from `.symlinks/plugins/package_info_plus/ios`)
  - path_provider_foundation (from `.symlinks/plugins/path_provider_foundation/darwin`)
  - rate_my_app (from `.symlinks/plugins/rate_my_app/darwin`)
  - sentry_flutter (from `.symlinks/plugins/sentry_flutter/ios`)
  - share_plus (from `.symlinks/plugins/share_plus/ios`)
  - shared_preferences_foundation (from `.symlinks/plugins/shared_preferences_foundation/darwin`)
  - sign_in_with_apple (from `.symlinks/plugins/sign_in_with_apple/ios`)
  - sqflite_darwin (from `.symlinks/plugins/sqflite_darwin/darwin`)
  - url_launcher_ios (from `.symlinks/plugins/url_launcher_ios/ios`)

SPEC REPOS:
  trunk:
    - AppAuth
    - AppCheckCore
    - BranchSDK
    - Firebase
    - FirebaseABTesting
    - FirebaseAppCheckInterop
    - FirebaseAuth
    - FirebaseAuthInterop
    - FirebaseCore
    - FirebaseCoreExtension
    - FirebaseCoreInternal
    - FirebaseInstallations
    - FirebaseMessaging
    - FirebaseRemoteConfig
    - FirebaseRemoteConfigInterop
    - FirebaseSharedSwift
    - FirebaseStorage
    - Google-Maps-iOS-Utils
    - GoogleDataTransport
    - GoogleMaps
    - GoogleSignIn
    - GoogleUtilities
    - GTMAppAuth
    - GTMSessionFetcher
    - libwebp
    - Mantle
    - MapboxCommon
    - MapboxCoreMaps
    - MapboxMaps
    - Mixpanel-swift
    - nanopb
    - PromisesObjC
    - RecaptchaInterop
    - SDWebImage
    - SDWebImageWebPCoder
    - Sentry
    - Turf

EXTERNAL SOURCES:
  app_links:
    :path: ".symlinks/plugins/app_links/ios"
  device_info_plus:
    :path: ".symlinks/plugins/device_info_plus/ios"
  firebase_auth:
    :path: ".symlinks/plugins/firebase_auth/ios"
  firebase_core:
    :path: ".symlinks/plugins/firebase_core/ios"
  firebase_messaging:
    :path: ".symlinks/plugins/firebase_messaging/ios"
  firebase_remote_config:
    :path: ".symlinks/plugins/firebase_remote_config/ios"
  firebase_storage:
    :path: ".symlinks/plugins/firebase_storage/ios"
  Flutter:
    :path: Flutter
  flutter_branch_sdk:
    :path: ".symlinks/plugins/flutter_branch_sdk/ios"
  flutter_image_compress_common:
    :path: ".symlinks/plugins/flutter_image_compress_common/ios"
  flutter_native_splash:
    :path: ".symlinks/plugins/flutter_native_splash/ios"
  google_maps_flutter_ios:
    :path: ".symlinks/plugins/google_maps_flutter_ios/ios"
  google_sign_in_ios:
    :path: ".symlinks/plugins/google_sign_in_ios/darwin"
  image_picker_ios:
    :path: ".symlinks/plugins/image_picker_ios/ios"
  mapbox_maps_flutter:
    :path: ".symlinks/plugins/mapbox_maps_flutter/ios"
  mixpanel_flutter:
    :path: ".symlinks/plugins/mixpanel_flutter/ios"
  package_info_plus:
    :path: ".symlinks/plugins/package_info_plus/ios"
  path_provider_foundation:
    :path: ".symlinks/plugins/path_provider_foundation/darwin"
  rate_my_app:
    :path: ".symlinks/plugins/rate_my_app/darwin"
  sentry_flutter:
    :path: ".symlinks/plugins/sentry_flutter/ios"
  share_plus:
    :path: ".symlinks/plugins/share_plus/ios"
  shared_preferences_foundation:
    :path: ".symlinks/plugins/shared_preferences_foundation/darwin"
  sign_in_with_apple:
    :path: ".symlinks/plugins/sign_in_with_apple/ios"
  sqflite_darwin:
    :path: ".symlinks/plugins/sqflite_darwin/darwin"
  url_launcher_ios:
    :path: ".symlinks/plugins/url_launcher_ios/ios"

SPEC CHECKSUMS:
  app_links: f3e17e4ee5e357b39d8b95290a9b2c299fca71c6
  AppAuth: 1c1a8afa7e12f2ec3a294d9882dfa5ab7d3cb063
  AppCheckCore: cc8fd0a3a230ddd401f326489c99990b013f0c4f
  BranchSDK: 19a6e97115350db916a57823c7f6ed96d1e70e46
  device_info_plus: 97af1d7e84681a90d0693e63169a5d50e0839a0d
  Firebase: f07b15ae5a6ec0f93713e30b923d9970d144af3e
  firebase_auth: 4816610b91e98ca2f48df6c62e0247036e0856ff
  firebase_core: e6b8bb503b7d1d9856e698d4f193f7b414e6bf1f
  firebase_messaging: fc7b6af84f4cd885a4999f51ea69ef20f380d70d
  firebase_remote_config: b0c7c7fff434e11a1f7b1be7f818a9bea4092ec0
  firebase_storage: 0cb7ceae9496b643ffe734ba2645b8b7339b0cc4
  FirebaseABTesting: c05b5ec9f1d9f21a65909525de301d375032d9a4
  FirebaseAppCheckInterop: f734c802f21fe1da0837708f0f9a27218c8a4ed0
  FirebaseAuth: 4a2aed737c84114a9d9b33d11ae1b147d6b94889
  FirebaseAuthInterop: 858e6b754966e70740a4370dd1503dfffe6dbb49
  FirebaseCore: bb595f3114953664e3c1dc032f008a244147cfd3
  FirebaseCoreExtension: 7e1f7118ee970e001a8013719fb90950ee5e0018
  FirebaseCoreInternal: d7f5a043c2cd01a08103ab586587c1468047bca6
  FirebaseInstallations: ae9f4902cb5bf1d0c5eaa31ec1f4e5495a0714e2
  FirebaseMessaging: d33971b7bb252745ea6cd31ab190d1a1df4b8ed5
  FirebaseRemoteConfig: 28e071a214ec66cdb113ed9ff4ce63e9abe018db
  FirebaseRemoteConfigInterop: 1e31ec72b89c9924367c59bfb5ec9ab60d1d6766
  FirebaseSharedSwift: 93426a1de92f19e1199fac5295a4f8df16458daa
  FirebaseStorage: 20d6b56fb8a40ebaa03d6a2889fe33dac64adb73
  Flutter: cabc95a1d2626b1b06e7179b784ebcf0c0cde467
  flutter_branch_sdk: 56045218849b490c83653378f85431664285662a
  flutter_image_compress_common: ec1d45c362c9d30a3f6a0426c297f47c52007e3e
  flutter_native_splash: df59bb2e1421aa0282cb2e95618af4dcb0c56c29
  Google-Maps-iOS-Utils: 0a484b05ed21d88c9f9ebbacb007956edd508a96
  google_maps_flutter_ios: e31555a04d1986ab130f2b9f24b6cdc861acc6d3
  google_sign_in_ios: 055d43c4754f2860a53decd5133b78d05615fffd
  GoogleDataTransport: aae35b7ea0c09004c3797d53c8c41f66f219d6a7
  GoogleMaps: 0608099d4870cac8754bdba9b6953db543432438
  GoogleSignIn: c7f09cfbc85a1abf69187be091997c317cc33b77
  GoogleUtilities: 00c88b9a86066ef77f0da2fab05f65d7768ed8e1
  GTMAppAuth: 217a876b249c3c585a54fd6f73e6b58c4f5c4238
  GTMSessionFetcher: 5aea5ba6bd522a239e236100971f10cb71b96ab6
  image_picker_ios: c560581cceedb403a6ff17f2f816d7fea1421fc1
  libwebp: 02b23773aedb6ff1fd38cec7a77b81414c6842a8
  Mantle: c5aa8794a29a022dfbbfc9799af95f477a69b62d
  mapbox_maps_flutter: d7bef6687c5be0e49518c4c5423276ca68e2228a
  MapboxCommon: 479562bceca6b10d1c3b8bca5006ef86c51d7255
  MapboxCoreMaps: b96038f97c62e0e72ebece2a3b909ca4eda8ab21
  MapboxMaps: 8c0f733a3250a03bcc4938347ca5f699b0804ce1
  Mixpanel-swift: 7b26468fc0e2e521104e51d65c4bbf7cab8162f8
  mixpanel_flutter: c2bb8345c90bef15512a1b812ec800b52f8614b6
  nanopb: fad817b59e0457d11a5dfbde799381cd727c1275
  package_info_plus: c0502532a26c7662a62a356cebe2692ec5fe4ec4
  path_provider_foundation: 2b6b4c569c0fb62ec74538f866245ac84301af46
  PromisesObjC: f5707f49cb48b9636751c5b2e7d227e43fba9f47
  rate_my_app: 32114ed340bfb4be961f4ce59211af3684adb700
  RecaptchaInterop: 11e0b637842dfb48308d242afc3f448062325aba
  SDWebImage: 16309af6d214ba3f77a7c6f6fdda888cb313a50a
  SDWebImageWebPCoder: 0e06e365080397465cc73a7a9b472d8a3bd0f377
  Sentry: b53951377b78e21a734f5dc8318e333dbfc682d7
  sentry_flutter: d44ce25f0ed7b944b885c5d34883092a3e6b2aa9
  share_plus: 8b6f8b3447e494cca5317c8c3073de39b3600d1f
  shared_preferences_foundation: fcdcbc04712aee1108ac7fda236f363274528f78
  sign_in_with_apple: f3bf75217ea4c2c8b91823f225d70230119b8440
  sqflite_darwin: 5a7236e3b501866c1c9befc6771dfd73ffb8702d
  Turf: c9eb11a65d96af58cac523460fd40fec5061b081
  url_launcher_ios: 5334b05cef931de560670eeae103fd3e431ac3fe

PODFILE CHECKSUM: 4c438addb11b6da45ed7ae408823d68256222460

COCOAPODS: 1.16.2
