PODS:
  - device_info_plus (0.0.1):
    - Flutter
  - Flutter (1.0.0)
  - flutter_image_compress_common (1.0.0):
    - Flutter
    - Mantle
    - SDWebImage
    - SDWebImageWebPCoder
  - libwebp (1.6.0):
    - libwebp/demux (= 1.6.0)
    - libwebp/mux (= 1.6.0)
    - libwebp/sharpyuv (= 1.6.0)
    - libwebp/webp (= 1.6.0)
  - libwebp/demux (1.6.0):
    - libwebp/webp
  - libwebp/mux (1.6.0):
    - libwebp/demux
  - libwebp/sharpyuv (1.6.0)
  - libwebp/webp (1.6.0):
    - libwebp/sharpyuv
  - Mantle (2.2.0):
    - Mantle/extobjc (= 2.2.0)
  - Mantle/extobjc (2.2.0)
  - Mixpanel-swift (5.1.0):
    - Mixpanel-swift/Complete (= 5.1.0)
  - Mixpanel-swift/Complete (5.1.0)
  - mixpanel_flutter (2.4.4):
    - Flutter
    - Mixpanel-swift (= 5.1.0)
  - rate_my_app (2.3.2):
    - Flutter
    - FlutterMacOS
  - SDWebImage (5.21.7):
    - SDWebImage/Core (= 5.21.7)
  - SDWebImage/Core (5.21.7)
  - SDWebImageWebPCoder (0.15.0):
    - libwebp (~> 1.0)
    - SDWebImage/Core (~> 5.17)
  - sign_in_with_apple (0.0.1):
    - Flutter

DEPENDENCIES:
  - device_info_plus (from `.symlinks/plugins/device_info_plus/ios`)
  - Flutter (from `Flutter`)
  - flutter_image_compress_common (from `.symlinks/plugins/flutter_image_compress_common/ios`)
  - mixpanel_flutter (from `.symlinks/plugins/mixpanel_flutter/ios`)
  - rate_my_app (from `.symlinks/plugins/rate_my_app/darwin`)
  - sign_in_with_apple (from `.symlinks/plugins/sign_in_with_apple/ios`)

SPEC REPOS:
  trunk:
    - libwebp
    - Mantle
    - Mixpanel-swift
    - SDWebImage
    - SDWebImageWebPCoder

EXTERNAL SOURCES:
  device_info_plus:
    :path: ".symlinks/plugins/device_info_plus/ios"
  Flutter:
    :path: Flutter
  flutter_image_compress_common:
    :path: ".symlinks/plugins/flutter_image_compress_common/ios"
  mixpanel_flutter:
    :path: ".symlinks/plugins/mixpanel_flutter/ios"
  rate_my_app:
    :path: ".symlinks/plugins/rate_my_app/darwin"
  sign_in_with_apple:
    :path: ".symlinks/plugins/sign_in_with_apple/ios"

SPEC CHECKSUMS:
  device_info_plus: 97af1d7e84681a90d0693e63169a5d50e0839a0d
  Flutter: 71a624a5bc0c04062bf19101d501e466baf2fb47
  flutter_image_compress_common: ec1d45c362c9d30a3f6a0426c297f47c52007e3e
  libwebp: af5937a13536ef73f3784d69cc342b98961acf33
  Mantle: c5aa8794a29a022dfbbfc9799af95f477a69b62d
  Mixpanel-swift: 7b26468fc0e2e521104e51d65c4bbf7cab8162f8
  mixpanel_flutter: c2bb8345c90bef15512a1b812ec800b52f8614b6
  rate_my_app: 32114ed340bfb4be961f4ce59211af3684adb700
  SDWebImage: e9fc87c1aab89a8ab1bbd74eba378c6f53be8abf
  SDWebImageWebPCoder: 0e06e365080397465cc73a7a9b472d8a3bd0f377
  sign_in_with_apple: f3bf75217ea4c2c8b91823f225d70230119b8440

PODFILE CHECKSUM: bf3d14d8089fba574ab7627f8b20400219433620

COCOAPODS: 1.16.2
